
Microsoft Visual Studio Solution File, Format Version 12.00
# Visual Studio 14
VisualStudioVersion = 14.0.23107.0
MinimumVisualStudioVersion = 10.0.40219.1
Project("{FAE04EC0-301F-11D3-BF4B-00C04F79EFBC}") = "LoanCalculator.System", "LoanCalculator.System\LoanCalculator.System.csproj", "{BA18BF96-FF07-4FE4-91C6-188A762BED6A}"
EndProject
Project("{FAE04EC0-301F-11D3-BF4B-00C04F79EFBC}") = "LoanCalculator.Core", "LoanCalculator.Core\LoanCalculator.Core.csproj", "{B05FDEDC-5FE3-47F3-941D-EC1D3145860B}"
EndProject
Project("{FAE04EC0-301F-11D3-BF4B-00C04F79EFBC}") = "LoanCalculator.Worker", "LoanCalculator.Worker\LoanCalculator.Worker.csproj", "{3694579D-1BB9-4B75-9075-467327996A19}"
EndProject
Global
	GlobalSection(SolutionConfigurationPlatforms) = preSolution
		Debug|Any CPU = Debug|Any CPU
		Release|Any CPU = Release|Any CPU
	EndGlobalSection
	GlobalSection(ProjectConfigurationPlatforms) = postSolution
		{BA18BF96-FF07-4FE4-91C6-188A762BED6A}.Debug|Any CPU.ActiveCfg = Debug|Any CPU
		{BA18BF96-FF07-4FE4-91C6-188A762BED6A}.Debug|Any CPU.Build.0 = Debug|Any CPU
		{BA18BF96-FF07-4FE4-91C6-188A762BED6A}.Release|Any CPU.ActiveCfg = Release|Any CPU
		{BA18BF96-FF07-4FE4-91C6-188A762BED6A}.Release|Any CPU.Build.0 = Release|Any CPU
		{B05FDEDC-5FE3-47F3-941D-EC1D3145860B}.Debug|Any CPU.ActiveCfg = Debug|Any CPU
		{B05FDEDC-5FE3-47F3-941D-EC1D3145860B}.Debug|Any CPU.Build.0 = Debug|Any CPU
		{B05FDEDC-5FE3-47F3-941D-EC1D3145860B}.Release|Any CPU.ActiveCfg = Release|Any CPU
		{B05FDEDC-5FE3-47F3-941D-EC1D3145860B}.Release|Any CPU.Build.0 = Release|Any CPU
		{3694579D-1BB9-4B75-9075-467327996A19}.Debug|Any CPU.ActiveCfg = Debug|Any CPU
		{3694579D-1BB9-4B75-9075-467327996A19}.Debug|Any CPU.Build.0 = Debug|Any CPU
		{3694579D-1BB9-4B75-9075-467327996A19}.Release|Any CPU.ActiveCfg = Release|Any CPU
		{3694579D-1BB9-4B75-9075-467327996A19}.Release|Any CPU.Build.0 = Release|Any CPU
	EndGlobalSection
	GlobalSection(SolutionProperties) = preSolution
		HideSolutionNode = FALSE
	EndGlobalSection
EndGlobal
